dependencies:
- name: postgresql
  repository: https://charts.bitnami.com/bitnami
  version: 10.3.6
- name: rabbitmq
  repository: https://charts.bitnami.com/bitnami
  version: 8.9.1
digest: sha256:eebcca08af4fa355d9db1102b4c16409290079b653f90998a07ee0d6f479ee9f
generated: "2021-06-29T16:12:55.880049+02:00"
