dependencies:
- name: postgresql
  repository: https://charts.bitnami.com/bitnami
  version: 10.13.8
- name: rabbitmq
  repository: https://charts.bitnami.com/bitnami
  version: 8.9.1
digest: sha256:4d833ac44c20b19286f4f78c7767f909fa72881a6f0cb7615c7a3abb17c15fdd
generated: "2021-11-25T10:12:25.866838+01:00"
