dependencies:
- name: postgresql
  repository: https://charts.bitnami.com/bitnami
  version: 11.6.2
- name: rabbitmq
  repository: https://charts.bitnami.com/bitnami
  version: 10.1.1
digest: sha256:e96529a32c5ce2cf8c3d1d6fc6c612fbad04703e71abfe653a74d9606a71ac95
generated: "2022-06-03T15:43:46.39988+02:00"
